// !$*UTF8*$!
{
	archiveVersion = 1;
	classes = {
	};
	objectVersion = 56;
	objects = {

/* Begin PBXBuildFile section */
		D71B30B22AC60E68009C6B4F /* FingersView.swift in Sources */ = {isa = PBXBuildFile; fileRef = D71B30B12AC60E68009C6B4F /* FingersView.swift */; };
		D71B30B42AC61698009C6B4F /* Particle.swift in Sources */ = {isa = PBXBuildFile; fileRef = D71B30B32AC61698009C6B4F /* Particle.swift */; };
		D71B30B62AC616BF009C6B4F /* ParticleSystem.swift in Sources */ = {isa = PBXBuildFile; fileRef = D71B30B52AC616BF009C6B4F /* ParticleSystem.swift */; };
		D71B30B82AC616E8009C6B4F /* HandAction.swift in Sources */ = {isa = PBXBuildFile; fileRef = D71B30B72AC616E8009C6B4F /* HandAction.swift */; };
		D71B30BA2AC6175E009C6B4F /* HandActionView.swift in Sources */ = {isa = PBXBuildFile; fileRef = D71B30B92AC6175E009C6B4F /* HandActionView.swift */; };
		D777276F2AC56443008A110C /* EmittsSupinationAndBackground 1.mlmodel in Sources */ = {isa = PBXBuildFile; fileRef = D777276E2AC56443008A110C /* EmittsSupinationAndBackground 1.mlmodel */; };
		D77727712AC57331008A110C /* FingerOverlay.swift in Sources */ = {isa = PBXBuildFile; fileRef = D77727702AC57331008A110C /* FingerOverlay.swift */; };
		D7CFFD872AC561D700C61B17 /* AppDelegate.swift in Sources */ = {isa = PBXBuildFile; fileRef = D7CFFD862AC561D700C61B17 /* AppDelegate.swift */; };
		D7CFFD892AC561D700C61B17 /* ContentView.swift in Sources */ = {isa = PBXBuildFile; fileRef = D7CFFD882AC561D700C61B17 /* ContentView.swift */; };
		D7CFFD8B2AC561D800C61B17 /* Assets.xcassets in Resources */ = {isa = PBXBuildFile; fileRef = D7CFFD8A2AC561D800C61B17 /* Assets.xcassets */; };
		D7CFFD8E2AC561D800C61B17 /* Preview Assets.xcassets in Resources */ = {isa = PBXBuildFile; fileRef = D7CFFD8D2AC561D800C61B17 /* Preview Assets.xcassets */; };
/* End PBXBuildFile section */

/* Begin PBXFileReference section */
		D71B30B12AC60E68009C6B4F /* FingersView.swift */ = {isa = PBXFileReference; lastKnownFileType = sourcecode.swift; path = FingersView.swift; sourceTree = "<group>"; };
		D71B30B32AC61698009C6B4F /* Particle.swift */ = {isa = PBXFileReference; lastKnownFileType = sourcecode.swift; path = Particle.swift; sourceTree = "<group>"; };
		D71B30B52AC616BF009C6B4F /* ParticleSystem.swift */ = {isa = PBXFileReference; lastKnownFileType = sourcecode.swift; path = ParticleSystem.swift; sourceTree = "<group>"; };
		D71B30B72AC616E8009C6B4F /* HandAction.swift */ = {isa = PBXFileReference; lastKnownFileType = sourcecode.swift; path = HandAction.swift; sourceTree = "<group>"; };
		D71B30B92AC6175E009C6B4F /* HandActionView.swift */ = {isa = PBXFileReference; lastKnownFileType = sourcecode.swift; path = HandActionView.swift; sourceTree = "<group>"; };
		D777276E2AC56443008A110C /* EmittsSupinationAndBackground 1.mlmodel */ = {isa = PBXFileReference; lastKnownFileType = file.mlmodel; path = "EmittsSupinationAndBackground 1.mlmodel"; sourceTree = "<group>"; };
		D77727702AC57331008A110C /* FingerOverlay.swift */ = {isa = PBXFileReference; lastKnownFileType = sourcecode.swift; path = FingerOverlay.swift; sourceTree = "<group>"; };
		D7CFFD832AC561D700C61B17 /* FiveTips.app */ = {isa = PBXFileReference; explicitFileType = wrapper.application; includeInIndex = 0; path = FiveTips.app; sourceTree = BUILT_PRODUCTS_DIR; };
		D7CFFD862AC561D700C61B17 /* AppDelegate.swift */ = {isa = PBXFileReference; lastKnownFileType = sourcecode.swift; path = AppDelegate.swift; sourceTree = "<group>"; };
		D7CFFD882AC561D700C61B17 /* ContentView.swift */ = {isa = PBXFileReference; lastKnownFileType = sourcecode.swift; path = ContentView.swift; sourceTree = "<group>"; };
		D7CFFD8A2AC561D800C61B17 /* Assets.xcassets */ = {isa = PBXFileReference; lastKnownFileType = folder.assetcatalog; path = Assets.xcassets; sourceTree = "<group>"; };
		D7CFFD8D2AC561D800C61B17 /* Preview Assets.xcassets */ = {isa = PBXFileReference; lastKnownFileType = folder.assetcatalog; path = "Preview Assets.xcassets"; sourceTree = "<group>"; };
/* End PBXFileReference section */

/* Begin PBXFrameworksBuildPhase section */
		D7CFFD802AC561D700C61B17 /* Frameworks */ = {
			isa = PBXFrameworksBuildPhase;
			buildActionMask = 2147483647;
			files = (
			);
			runOnlyForDeploymentPostprocessing = 0;
		};
/* End PBXFrameworksBuildPhase section */

/* Begin PBXGroup section */
		D7CFFD7A2AC561D700C61B17 = {
			isa = PBXGroup;
			children = (
				D7CFFD852AC561D700C61B17 /* FiveTips */,
				D7CFFD842AC561D700C61B17 /* Products */,
			);
			sourceTree = "<group>";
		};
		D7CFFD842AC561D700C61B17 /* Products */ = {
			isa = PBXGroup;
			children = (
				D7CFFD832AC561D700C61B17 /* FiveTips.app */,
			);
			name = Products;
			sourceTree = "<group>";
		};
		D7CFFD852AC561D700C61B17 /* FiveTips */ = {
			isa = PBXGroup;
			children = (
				D7CFFD862AC561D700C61B17 /* AppDelegate.swift */,
				D7CFFD882AC561D700C61B17 /* ContentView.swift */,
				D77727702AC57331008A110C /* FingerOverlay.swift */,
				D71B30B12AC60E68009C6B4F /* FingersView.swift */,
				D71B30B32AC61698009C6B4F /* Particle.swift */,
				D71B30B52AC616BF009C6B4F /* ParticleSystem.swift */,
				D71B30B72AC616E8009C6B4F /* HandAction.swift */,
				D71B30B92AC6175E009C6B4F /* HandActionView.swift */,
				D7CFFD8A2AC561D800C61B17 /* Assets.xcassets */,
				D777276E2AC56443008A110C /* EmittsSupinationAndBackground 1.mlmodel */,
				D7CFFD8C2AC561D800C61B17 /* Preview Content */,
			);
			path = FiveTips;
			sourceTree = "<group>";
		};
		D7CFFD8C2AC561D800C61B17 /* Preview Content */ = {
			isa = PBXGroup;
			children = (
				D7CFFD8D2AC561D800C61B17 /* Preview Assets.xcassets */,
			);
			path = "Preview Content";
			sourceTree = "<group>";
		};
/* End PBXGroup section */

/* Begin PBXNativeTarget section */
		D7CFFD822AC561D700C61B17 /* FiveTips */ = {
			isa = PBXNativeTarget;
			buildConfigurationList = D7CFFD912AC561D800C61B17 /* Build configuration list for PBXNativeTarget "FiveTips" */;
			buildPhases = (
				D7CFFD7F2AC561D700C61B17 /* Sources */,
				D7CFFD802AC561D700C61B17 /* Frameworks */,
				D7CFFD812AC561D700C61B17 /* Resources */,
			);
			buildRules = (
			);
			dependencies = (
			);
			name = FiveTips;
			productName = FiveTips;
			productReference = D7CFFD832AC561D700C61B17 /* FiveTips.app */;
			productType = "com.apple.product-type.application";
		};
/* End PBXNativeTarget section */

/* Begin PBXProject section */
		D7CFFD7B2AC561D700C61B17 /* Project object */ = {
			isa = PBXProject;
			attributes = {
				BuildIndependentTargetsInParallel = 1;
				LastSwiftUpdateCheck = 1500;
				LastUpgradeCheck = 1500;
				TargetAttributes = {
					D7CFFD822AC561D700C61B17 = {
						CreatedOnToolsVersion = 15.0;
					};
				};
			};
			buildConfigurationList = D7CFFD7E2AC561D700C61B17 /* Build configuration list for PBXProject "FiveTips" */;
			compatibilityVersion = "Xcode 14.0";
			developmentRegion = en;
			hasScannedForEncodings = 0;
			knownRegions = (
				en,
				Base,
			);
			mainGroup = D7CFFD7A2AC561D700C61B17;
			productRefGroup = D7CFFD842AC561D700C61B17 /* Products */;
			projectDirPath = "";
			projectRoot = "";
			targets = (
				D7CFFD822AC561D700C61B17 /* FiveTips */,
			);
		};
/* End PBXProject section */

/* Begin PBXResourcesBuildPhase section */
		D7CFFD812AC561D700C61B17 /* Resources */ = {
			isa = PBXResourcesBuildPhase;
			buildActionMask = 2147483647;
			files = (
				D7CFFD8E2AC561D800C61B17 /* Preview Assets.xcassets in Resources */,
				D7CFFD8B2AC561D800C61B17 /* Assets.xcassets in Resources */,
			);
			runOnlyForDeploymentPostprocessing = 0;
		};
/* End PBXResourcesBuildPhase section */

/* Begin PBXSourcesBuildPhase section */
		D7CFFD7F2AC561D700C61B17 /* Sources */ = {
			isa = PBXSourcesBuildPhase;
			buildActionMask = 2147483647;
			files = (
				D71B30B62AC616BF009C6B4F /* ParticleSystem.swift in Sources */,
				D7CFFD892AC561D700C61B17 /* ContentView.swift in Sources */,
				D71B30B42AC61698009C6B4F /* Particle.swift in Sources */,
				D71B30B22AC60E68009C6B4F /* FingersView.swift in Sources */,
				D71B30B82AC616E8009C6B4F /* HandAction.swift in Sources */,
				D7CFFD872AC561D700C61B17 /* AppDelegate.swift in Sources */,
				D777276F2AC56443008A110C /* EmittsSupinationAndBackground 1.mlmodel in Sources */,
				D71B30BA2AC6175E009C6B4F /* HandActionView.swift in Sources */,
				D77727712AC57331008A110C /* FingerOverlay.swift in Sources */,
			);
			runOnlyForDeploymentPostprocessing = 0;
		};
/* End PBXSourcesBuildPhase section */

/* Begin XCBuildConfiguration section */
		D7CFFD8F2AC561D800C61B17 /* Debug */ = {
			isa = XCBuildConfiguration;
			buildSettings = {
				ALWAYS_SEARCH_USER_PATHS = NO;
				ASSETCATALOG_COMPILER_GENERATE_SWIFT_ASSET_SYMBOL_EXTENSIONS = YES;
				CLANG_ANALYZER_NONNULL = YES;
				CLANG_ANALYZER_NUMBER_OBJECT_CONVERSION = YES_AGGRESSIVE;
				CLANG_CXX_LANGUAGE_STANDARD = "gnu++20";
				CLANG_ENABLE_MODULES = YES;
				CLANG_ENABLE_OBJC_ARC = YES;
				CLANG_ENABLE_OBJC_WEAK = YES;
				CLANG_WARN_BLOCK_CAPTURE_AUTORELEASING = YES;
				CLANG_WARN_BOOL_CONVERSION = YES;
				CLANG_WARN_COMMA = YES;
				CLANG_WARN_CONSTANT_CONVERSION = YES;
				CLANG_WARN_DEPRECATED_OBJC_IMPLEMENTATIONS = YES;
				CLANG_WARN_DIRECT_OBJC_ISA_USAGE = YES_ERROR;
				CLANG_WARN_DOCUMENTATION_COMMENTS = YES;
				CLANG_WARN_EMPTY_BODY = YES;
				CLANG_WARN_ENUM_CONVERSION = YES;
				CLANG_WARN_INFINITE_RECURSION = YES;
				CLANG_WARN_INT_CONVERSION = YES;
				CLANG_WARN_NON_LITERAL_NULL_CONVERSION = YES;
				CLANG_WARN_OBJC_IMPLICIT_RETAIN_SELF = YES;
				CLANG_WARN_OBJC_LITERAL_CONVERSION = YES;
				CLANG_WARN_OBJC_ROOT_CLASS = YES_ERROR;
				CLANG_WARN_QUOTED_INCLUDE_IN_FRAMEWORK_HEADER = YES;
				CLANG_WARN_RANGE_LOOP_ANALYSIS = YES;
				CLANG_WARN_STRICT_PROTOTYPES = YES;
				CLANG_WARN_SUSPICIOUS_MOVE = YES;
				CLANG_WARN_UNGUARDED_AVAILABILITY = YES_AGGRESSIVE;
				CLANG_WARN_UNREACHABLE_CODE = YES;
				CLANG_WARN__DUPLICATE_METHOD_MATCH = YES;
				COPY_PHASE_STRIP = NO;
				DEBUG_INFORMATION_FORMAT = dwarf;
				ENABLE_STRICT_OBJC_MSGSEND = YES;
				ENABLE_TESTABILITY = YES;
				ENABLE_USER_SCRIPT_SANDBOXING = YES;
				GCC_C_LANGUAGE_STANDARD = gnu17;
				GCC_DYNAMIC_NO_PIC = NO;
				GCC_NO_COMMON_BLOCKS = YES;
				GCC_OPTIMIZATION_LEVEL = 0;
				GCC_PREPROCESSOR_DEFINITIONS = (
					"DEBUG=1",
					"$(inherited)",
				);
				GCC_WARN_64_TO_32_BIT_CONVERSION = YES;
				GCC_WARN_ABOUT_RETURN_TYPE = YES_ERROR;
				GCC_WARN_UNDECLARED_SELECTOR = YES;
				GCC_WARN_UNINITIALIZED_AUTOS = YES_AGGRESSIVE;
				GCC_WARN_UNUSED_FUNCTION = YES;
				GCC_WARN_UNUSED_VARIABLE = YES;
				IPHONEOS_DEPLOYMENT_TARGET = 17.0;
				LOCALIZATION_PREFERS_STRING_CATALOGS = YES;
				MTL_ENABLE_DEBUG_INFO = INCLUDE_SOURCE;
				MTL_FAST_MATH = YES;
				ONLY_ACTIVE_ARCH = YES;
				SDKROOT = iphoneos;
				SWIFT_ACTIVE_COMPILATION_CONDITIONS = "DEBUG $(inherited)";
				SWIFT_OPTIMIZATION_LEVEL = "-Onone";
			};
			name = Debug;
		};
		D7CFFD902AC561D800C61B17 /* Release */ = {
			isa = XCBuildConfiguration;
			buildSettings = {
				ALWAYS_SEARCH_USER_PATHS = NO;
				ASSETCATALOG_COMPILER_GENERATE_SWIFT_ASSET_SYMBOL_EXTENSIONS = YES;
				CLANG_ANALYZER_NONNULL = YES;
				CLANG_ANALYZER_NUMBER_OBJECT_CONVERSION = YES_AGGRESSIVE;
				CLANG_CXX_LANGUAGE_STANDARD = "gnu++20";
				CLANG_ENABLE_MODULES = YES;
				CLANG_ENABLE_OBJC_ARC = YES;
				CLANG_ENABLE_OBJC_WEAK = YES;
				CLANG_WARN_BLOCK_CAPTURE_AUTORELEASING = YES;
				CLANG_WARN_BOOL_CONVERSION = YES;
				CLANG_WARN_COMMA = YES;
				CLANG_WARN_CONSTANT_CONVERSION = YES;
				CLANG_WARN_DEPRECATED_OBJC_IMPLEMENTATIONS = YES;
				CLANG_WARN_DIRECT_OBJC_ISA_USAGE = YES_ERROR;
				CLANG_WARN_DOCUMENTATION_COMMENTS = YES;
				CLANG_WARN_EMPTY_BODY = YES;
				CLANG_WARN_ENUM_CONVERSION = YES;
				CLANG_WARN_INFINITE_RECURSION = YES;
				CLANG_WARN_INT_CONVERSION = YES;
				CLANG_WARN_NON_LITERAL_NULL_CONVERSION = YES;
				CLANG_WARN_OBJC_IMPLICIT_RETAIN_SELF = YES;
				CLANG_WARN_OBJC_LITERAL_CONVERSION = YES;
				CLANG_WARN_OBJC_ROOT_CLASS = YES_ERROR;
				CLANG_WARN_QUOTED_INCLUDE_IN_FRAMEWORK_HEADER = YES;
				CLANG_WARN_RANGE_LOOP_ANALYSIS = YES;
				CLANG_WARN_STRICT_PROTOTYPES = YES;
				CLANG_WARN_SUSPICIOUS_MOVE = YES;
				CLANG_WARN_UNGUARDED_AVAILABILITY = YES_AGGRESSIVE;
				CLANG_WARN_UNREACHABLE_CODE = YES;
				CLANG_WARN__DUPLICATE_METHOD_MATCH = YES;
				COPY_PHASE_STRIP = NO;
				DEBUG_INFORMATION_FORMAT = "dwarf-with-dsym";
				ENABLE_NS_ASSERTIONS = NO;
				ENABLE_STRICT_OBJC_MSGSEND = YES;
				ENABLE_USER_SCRIPT_SANDBOXING = YES;
				GCC_C_LANGUAGE_STANDARD = gnu17;
				GCC_NO_COMMON_BLOCKS = YES;
				GCC_WARN_64_TO_32_BIT_CONVERSION = YES;
				GCC_WARN_ABOUT_RETURN_TYPE = YES_ERROR;
				GCC_WARN_UNDECLARED_SELECTOR = YES;
				GCC_WARN_UNINITIALIZED_AUTOS = YES_AGGRESSIVE;
				GCC_WARN_UNUSED_FUNCTION = YES;
				GCC_WARN_UNUSED_VARIABLE = YES;
				IPHONEOS_DEPLOYMENT_TARGET = 17.0;
				LOCALIZATION_PREFERS_STRING_CATALOGS = YES;
				MTL_ENABLE_DEBUG_INFO = NO;
				MTL_FAST_MATH = YES;
				SDKROOT = iphoneos;
				SWIFT_COMPILATION_MODE = wholemodule;
				VALIDATE_PRODUCT = YES;
			};
			name = Release;
		};
		D7CFFD922AC561D800C61B17 /* Debug */ = {
			isa = XCBuildConfiguration;
			buildSettings = {
				ASSETCATALOG_COMPILER_APPICON_NAME = AppIcon;
				ASSETCATALOG_COMPILER_GLOBAL_ACCENT_COLOR_NAME = AccentColor;
				CODE_SIGN_STYLE = Automatic;
				CURRENT_PROJECT_VERSION = 1;
				DEVELOPMENT_ASSET_PATHS = "\"FiveTips/Preview Content\"";
				DEVELOPMENT_TEAM = QM86JXKQ8W;
				ENABLE_PREVIEWS = YES;
				GENERATE_INFOPLIST_FILE = YES;
				INFOPLIST_KEY_NSCameraUsageDescription = "";
				INFOPLIST_KEY_UIApplicationSupportsIndirectInputEvents = YES;
				INFOPLIST_KEY_UILaunchScreen_Generation = YES;
				INFOPLIST_KEY_UIRequiredDeviceCapabilities = arkit;
				INFOPLIST_KEY_UIStatusBarHidden = YES;
				INFOPLIST_KEY_UISupportedInterfaceOrientations_iPad = "UIInterfaceOrientationPortrait UIInterfaceOrientationPortraitUpsideDown UIInterfaceOrientationLandscapeLeft UIInterfaceOrientationLandscapeRight";
				INFOPLIST_KEY_UISupportedInterfaceOrientations_iPhone = "UIInterfaceOrientationPortrait UIInterfaceOrientationLandscapeLeft UIInterfaceOrientationLandscapeRight";
				LD_RUNPATH_SEARCH_PATHS = (
					"$(inherited)",
					"@executable_path/Frameworks",
				);
				MARKETING_VERSION = 1.0;
				PRODUCT_BUNDLE_IDENTIFIER = com.jgl.FiveTips;
				PRODUCT_NAME = "$(TARGET_NAME)";
				SWIFT_EMIT_LOC_STRINGS = YES;
				SWIFT_VERSION = 5.0;
				TARGETED_DEVICE_FAMILY = "1,2";
			};
			name = Debug;
		};
		D7CFFD932AC561D800C61B17 /* Release */ = {
			isa = XCBuildConfiguration;
			buildSettings = {
				ASSETCATALOG_COMPILER_APPICON_NAME = AppIcon;
				ASSETCATALOG_COMPILER_GLOBAL_ACCENT_COLOR_NAME = AccentColor;
				CODE_SIGN_STYLE = Automatic;
				CURRENT_PROJECT_VERSION = 1;
				DEVELOPMENT_ASSET_PATHS = "\"FiveTips/Preview Content\"";
				DEVELOPMENT_TEAM = QM86JXKQ8W;
				ENABLE_PREVIEWS = YES;
				GENERATE_INFOPLIST_FILE = YES;
				INFOPLIST_KEY_NSCameraUsageDescription = "";
				INFOPLIST_KEY_UIApplicationSupportsIndirectInputEvents = YES;
				INFOPLIST_KEY_UILaunchScreen_Generation = YES;
				INFOPLIST_KEY_UIRequiredDeviceCapabilities = arkit;
				INFOPLIST_KEY_UIStatusBarHidden = YES;
				INFOPLIST_KEY_UISupportedInterfaceOrientations_iPad = "UIInterfaceOrientationPortrait UIInterfaceOrientationPortraitUpsideDown UIInterfaceOrientationLandscapeLeft UIInterfaceOrientationLandscapeRight";
				INFOPLIST_KEY_UISupportedInterfaceOrientations_iPhone = "UIInterfaceOrientationPortrait UIInterfaceOrientationLandscapeLeft UIInterfaceOrientationLandscapeRight";
				LD_RUNPATH_SEARCH_PATHS = (
					"$(inherited)",
					"@executable_path/Frameworks",
				);
				MARKETING_VERSION = 1.0;
				PRODUCT_BUNDLE_IDENTIFIER = com.jgl.FiveTips;
				PRODUCT_NAME = "$(TARGET_NAME)";
				SWIFT_EMIT_LOC_STRINGS = YES;
				SWIFT_VERSION = 5.0;
				TARGETED_DEVICE_FAMILY = "1,2";
			};
			name = Release;
		};
/* End XCBuildConfiguration section */

/* Begin XCConfigurationList section */
		D7CFFD7E2AC561D700C61B17 /* Build configuration list for PBXProject "FiveTips" */ = {
			isa = XCConfigurationList;
			buildConfigurations = (
				D7CFFD8F2AC561D800C61B17 /* Debug */,
				D7CFFD902AC561D800C61B17 /* Release */,
			);
			defaultConfigurationIsVisible = 0;
			defaultConfigurationName = Release;
		};
		D7CFFD912AC561D800C61B17 /* Build configuration list for PBXNativeTarget "FiveTips" */ = {
			isa = XCConfigurationList;
			buildConfigurations = (
				D7CFFD922AC561D800C61B17 /* Debug */,
				D7CFFD932AC561D800C61B17 /* Release */,
			);
			defaultConfigurationIsVisible = 0;
			defaultConfigurationName = Release;
		};
/* End XCConfigurationList section */
	};
	rootObject = D7CFFD7B2AC561D700C61B17 /* Project object */;
}
